
Microsoft Visual Studio Solution File, Format Version 12.00
# Visual Studio Version 17
VisualStudioVersion = 17.0.32014.148
MinimumVisualStudioVersion = 10.0.40219.1
Project("{FAE04EC0-301F-11D3-BF4B-00C04F79EFBC}") = "CyberPuzzle", "CyberPuzzle\CyberPuzzle.csproj", "{224BCCF3-93F5-4A13-94A2-41FDE79C2F16}"
EndProject
Global
	GlobalSection(SolutionConfigurationPlatforms) = preSolution
		Debug|Any CPU = Debug|Any CPU
		Release|Any CPU = Release|Any CPU
	EndGlobalSection
	GlobalSection(ProjectConfigurationPlatforms) = postSolution
		{224BCCF3-93F5-4A13-94A2-41FDE79C2F16}.Debug|Any CPU.ActiveCfg = Debug|Any CPU
		{224BCCF3-93F5-4A13-94A2-41FDE79C2F16}.Debug|Any CPU.Build.0 = Debug|Any CPU
		{224BCCF3-93F5-4A13-94A2-41FDE79C2F16}.Release|Any CPU.ActiveCfg = Release|Any CPU
		{224BCCF3-93F5-4A13-94A2-41FDE79C2F16}.Release|Any CPU.Build.0 = Release|Any CPU
	EndGlobalSection
	GlobalSection(SolutionProperties) = preSolution
		HideSolutionNode = FALSE
	EndGlobalSection
	GlobalSection(ExtensibilityGlobals) = postSolution
		SolutionGuid = {7E9655AE-6153-4F71-8E3D-AEA1CCCAAC81}
	EndGlobalSection
EndGlobal
